// !$*UTF8*$!
{
	archiveVersion = 1;
	classes = {
	};
	objectVersion = 77;
	objects = {

/* Begin PBXBuildFile section */
		653CD8D4D13F72383B50FB95 /* Pods_BunnyxTests.framework in Frameworks */ = {isa = PBXBuildFile; fileRef = 8854EF78225DF1242953B4E6 /* Pods_BunnyxTests.framework */; };
		90178ECBE6434F2BE5CF091A /* Pods_Bunnyx.framework in Frameworks */ = {isa = PBXBuildFile; fileRef = 6DC7CB0B9B3622C318AD1E68 /* Pods_Bunnyx.framework */; };
		E95F5833BEC8D688A7BF93C9 /* Pods_BunnyxUITests.framework in Frameworks */ = {isa = PBXBuildFile; fileRef = 25E71AB494843949CF1CB045 /* Pods_BunnyxUITests.framework */; };
/* End PBXBuildFile section */

/* Begin PBXContainerItemProxy section */
		10D2794A2EA68CF60052E919 /* PBXContainerItemProxy */ = {
			isa = PBXContainerItemProxy;
			containerPortal = 10D279262EA68CF50052E919 /* Project object */;
			proxyType = 1;
			remoteGlobalIDString = 10D2792D2EA68CF50052E919;
			remoteInfo = Bunnyx;
		};
		10D279542EA68CF60052E919 /* PBXContainerItemProxy */ = {
			isa = PBXContainerItemProxy;
			containerPortal = 10D279262EA68CF50052E919 /* Project object */;
			proxyType = 1;
			remoteGlobalIDString = 10D2792D2EA68CF50052E919;
			remoteInfo = Bunnyx;
		};
/* End PBXContainerItemProxy section */

/* Begin PBXFileReference section */
		0F686BF6995A7E1D69B20441 /* Pods-BunnyxUITests.release.xcconfig */ = {isa = PBXFileReference; includeInIndex = 1; lastKnownFileType = text.xcconfig; name = "Pods-BunnyxUITests.release.xcconfig"; path = "Target Support Files/Pods-BunnyxUITests/Pods-BunnyxUITests.release.xcconfig"; sourceTree = "<group>"; };
		10D2792E2EA68CF50052E919 /* Bunnyx.app */ = {isa = PBXFileReference; explicitFileType = wrapper.application; includeInIndex = 0; path = Bunnyx.app; sourceTree = BUILT_PRODUCTS_DIR; };
		10D279492EA68CF60052E919 /* BunnyxTests.xctest */ = {isa = PBXFileReference; explicitFileType = wrapper.cfbundle; includeInIndex = 0; path = BunnyxTests.xctest; sourceTree = BUILT_PRODUCTS_DIR; };
		10D279532EA68CF60052E919 /* BunnyxUITests.xctest */ = {isa = PBXFileReference; explicitFileType = wrapper.cfbundle; includeInIndex = 0; path = BunnyxUITests.xctest; sourceTree = BUILT_PRODUCTS_DIR; };
		25E71AB494843949CF1CB045 /* Pods_BunnyxUITests.framework */ = {isa = PBXFileReference; explicitFileType = wrapper.framework; includeInIndex = 0; path = Pods_BunnyxUITests.framework; sourceTree = BUILT_PRODUCTS_DIR; };
		51CE1CED5DF12DBB9AD0E1CA /* Pods-BunnyxUITests.debug.xcconfig */ = {isa = PBXFileReference; includeInIndex = 1; lastKnownFileType = text.xcconfig; name = "Pods-BunnyxUITests.debug.xcconfig"; path = "Target Support Files/Pods-BunnyxUITests/Pods-BunnyxUITests.debug.xcconfig"; sourceTree = "<group>"; };
		55A927E9EA60D6D9C663B914 /* Pods-BunnyxTests.debug.xcconfig */ = {isa = PBXFileReference; includeInIndex = 1; lastKnownFileType = text.xcconfig; name = "Pods-BunnyxTests.debug.xcconfig"; path = "Target Support Files/Pods-BunnyxTests/Pods-BunnyxTests.debug.xcconfig"; sourceTree = "<group>"; };
		6DC7CB0B9B3622C318AD1E68 /* Pods_Bunnyx.framework */ = {isa = PBXFileReference; explicitFileType = wrapper.framework; includeInIndex = 0; path = Pods_Bunnyx.framework; sourceTree = BUILT_PRODUCTS_DIR; };
		7D33267CDD1B3EF44FBB3D2C /* Pods-Bunnyx.debug.xcconfig */ = {isa = PBXFileReference; includeInIndex = 1; lastKnownFileType = text.xcconfig; name = "Pods-Bunnyx.debug.xcconfig"; path = "Target Support Files/Pods-Bunnyx/Pods-Bunnyx.debug.xcconfig"; sourceTree = "<group>"; };
		8854EF78225DF1242953B4E6 /* Pods_BunnyxTests.framework */ = {isa = PBXFileReference; explicitFileType = wrapper.framework; includeInIndex = 0; path = Pods_BunnyxTests.framework; sourceTree = BUILT_PRODUCTS_DIR; };
		B4DB9CDF388AA533879997E8 /* Pods-BunnyxTests.release.xcconfig */ = {isa = PBXFileReference; includeInIndex = 1; lastKnownFileType = text.xcconfig; name = "Pods-BunnyxTests.release.xcconfig"; path = "Target Support Files/Pods-BunnyxTests/Pods-BunnyxTests.release.xcconfig"; sourceTree = "<group>"; };
		F5FD99737A5B4DE4EF6AD8EA /* Pods-Bunnyx.release.xcconfig */ = {isa = PBXFileReference; includeInIndex = 1; lastKnownFileType = text.xcconfig; name = "Pods-Bunnyx.release.xcconfig"; path = "Target Support Files/Pods-Bunnyx/Pods-Bunnyx.release.xcconfig"; sourceTree = "<group>"; };
/* End PBXFileReference section */

/* Begin PBXFileSystemSynchronizedBuildFileExceptionSet section */
		10D2795B2EA68CF60052E919 /* Exceptions for "Bunnyx" folder in "Bunnyx" target */ = {
			isa = PBXFileSystemSynchronizedBuildFileExceptionSet;
			membershipExceptions = (
				Info.plist,
			);
			target = 10D2792D2EA68CF50052E919 /* Bunnyx */;
		};
/* End PBXFileSystemSynchronizedBuildFileExceptionSet section */

/* Begin PBXFileSystemSynchronizedRootGroup section */
		10D279302EA68CF50052E919 /* Bunnyx */ = {
			isa = PBXFileSystemSynchronizedRootGroup;
			exceptions = (
				10D2795B2EA68CF60052E919 /* Exceptions for "Bunnyx" folder in "Bunnyx" target */,
			);
			path = Bunnyx;
			sourceTree = "<group>";
		};
		10D2794C2EA68CF60052E919 /* BunnyxTests */ = {
			isa = PBXFileSystemSynchronizedRootGroup;
			path = BunnyxTests;
			sourceTree = "<group>";
		};
		10D279562EA68CF60052E919 /* BunnyxUITests */ = {
			isa = PBXFileSystemSynchronizedRootGroup;
			path = BunnyxUITests;
			sourceTree = "<group>";
		};
/* End PBXFileSystemSynchronizedRootGroup section */

/* Begin PBXFrameworksBuildPhase section */
		10D2792B2EA68CF50052E919 /* Frameworks */ = {
			isa = PBXFrameworksBuildPhase;
			buildActionMask = 2147483647;
			files = (
				90178ECBE6434F2BE5CF091A /* Pods_Bunnyx.framework in Frameworks */,
			);
			runOnlyForDeploymentPostprocessing = 0;
		};
		10D279462EA68CF60052E919 /* Frameworks */ = {
			isa = PBXFrameworksBuildPhase;
			buildActionMask = 2147483647;
			files = (
				653CD8D4D13F72383B50FB95 /* Pods_BunnyxTests.framework in Frameworks */,
			);
			runOnlyForDeploymentPostprocessing = 0;
		};
		10D279502EA68CF60052E919 /* Frameworks */ = {
			isa = PBXFrameworksBuildPhase;
			buildActionMask = 2147483647;
			files = (
				E95F5833BEC8D688A7BF93C9 /* Pods_BunnyxUITests.framework in Frameworks */,
			);
			runOnlyForDeploymentPostprocessing = 0;
		};
/* End PBXFrameworksBuildPhase section */

/* Begin PBXGroup section */
		10D279252EA68CF50052E919 = {
			isa = PBXGroup;
			children = (
				10D279302EA68CF50052E919 /* Bunnyx */,
				10D2794C2EA68CF60052E919 /* BunnyxTests */,
				10D279562EA68CF60052E919 /* BunnyxUITests */,
				10D2792F2EA68CF50052E919 /* Products */,
				76AB43EFBFD9D3B83C31126C /* Pods */,
				EFAF018EB26E3E30AFFE694F /* Frameworks */,
			);
			sourceTree = "<group>";
		};
		10D2792F2EA68CF50052E919 /* Products */ = {
			isa = PBXGroup;
			children = (
				10D2792E2EA68CF50052E919 /* Bunnyx.app */,
				10D279492EA68CF60052E919 /* BunnyxTests.xctest */,
				10D279532EA68CF60052E919 /* BunnyxUITests.xctest */,
			);
			name = Products;
			sourceTree = "<group>";
		};
		76AB43EFBFD9D3B83C31126C /* Pods */ = {
			isa = PBXGroup;
			children = (
				7D33267CDD1B3EF44FBB3D2C /* Pods-Bunnyx.debug.xcconfig */,
				F5FD99737A5B4DE4EF6AD8EA /* Pods-Bunnyx.release.xcconfig */,
				55A927E9EA60D6D9C663B914 /* Pods-BunnyxTests.debug.xcconfig */,
				B4DB9CDF388AA533879997E8 /* Pods-BunnyxTests.release.xcconfig */,
				51CE1CED5DF12DBB9AD0E1CA /* Pods-BunnyxUITests.debug.xcconfig */,
				0F686BF6995A7E1D69B20441 /* Pods-BunnyxUITests.release.xcconfig */,
			);
			path = Pods;
			sourceTree = "<group>";
		};
		EFAF018EB26E3E30AFFE694F /* Frameworks */ = {
			isa = PBXGroup;
			children = (
				6DC7CB0B9B3622C318AD1E68 /* Pods_Bunnyx.framework */,
				8854EF78225DF1242953B4E6 /* Pods_BunnyxTests.framework */,
				25E71AB494843949CF1CB045 /* Pods_BunnyxUITests.framework */,
			);
			name = Frameworks;
			sourceTree = "<group>";
		};
/* End PBXGroup section */

/* Begin PBXNativeTarget section */
		10D2792D2EA68CF50052E919 /* Bunnyx */ = {
			isa = PBXNativeTarget;
			buildConfigurationList = 10D2795C2EA68CF60052E919 /* Build configuration list for PBXNativeTarget "Bunnyx" */;
			buildPhases = (
				9020D988B3426A8D3A5685C2 /* [CP] Check Pods Manifest.lock */,
				10D2792A2EA68CF50052E919 /* Sources */,
				10D2792B2EA68CF50052E919 /* Frameworks */,
				10D2792C2EA68CF50052E919 /* Resources */,
				50DA4383F6D4CB2276FBB940 /* [CP] Copy Pods Resources */,
				45AEAF32436E34E04DCFCFB6 /* [CP] Embed Pods Frameworks */,
			);
			buildRules = (
			);
			dependencies = (
			);
			fileSystemSynchronizedGroups = (
				10D279302EA68CF50052E919 /* Bunnyx */,
			);
			name = Bunnyx;
			productName = Bunnyx;
			productReference = 10D2792E2EA68CF50052E919 /* Bunnyx.app */;
			productType = "com.apple.product-type.application";
		};
		10D279482EA68CF60052E919 /* BunnyxTests */ = {
			isa = PBXNativeTarget;
			buildConfigurationList = 10D279612EA68CF60052E919 /* Build configuration list for PBXNativeTarget "BunnyxTests" */;
			buildPhases = (
				4A6F89693985E2700EFEEEA9 /* [CP] Check Pods Manifest.lock */,
				10D279452EA68CF60052E919 /* Sources */,
				10D279462EA68CF60052E919 /* Frameworks */,
				10D279472EA68CF60052E919 /* Resources */,
			);
			buildRules = (
			);
			dependencies = (
				10D2794B2EA68CF60052E919 /* PBXTargetDependency */,
			);
			fileSystemSynchronizedGroups = (
				10D2794C2EA68CF60052E919 /* BunnyxTests */,
			);
			name = BunnyxTests;
			productName = BunnyxTests;
			productReference = 10D279492EA68CF60052E919 /* BunnyxTests.xctest */;
			productType = "com.apple.product-type.bundle.unit-test";
		};
		10D279522EA68CF60052E919 /* BunnyxUITests */ = {
			isa = PBXNativeTarget;
			buildConfigurationList = 10D279642EA68CF60052E919 /* Build configuration list for PBXNativeTarget "BunnyxUITests" */;
			buildPhases = (
				63F9B23E1A04F952FFCF479D /* [CP] Check Pods Manifest.lock */,
				10D2794F2EA68CF60052E919 /* Sources */,
				10D279502EA68CF60052E919 /* Frameworks */,
				10D279512EA68CF60052E919 /* Resources */,
			);
			buildRules = (
			);
			dependencies = (
				10D279552EA68CF60052E919 /* PBXTargetDependency */,
			);
			fileSystemSynchronizedGroups = (
				10D279562EA68CF60052E919 /* BunnyxUITests */,
			);
			name = BunnyxUITests;
			productName = BunnyxUITests;
			productReference = 10D279532EA68CF60052E919 /* BunnyxUITests.xctest */;
			productType = "com.apple.product-type.bundle.ui-testing";
		};
/* End PBXNativeTarget section */

/* Begin PBXProject section */
		10D279262EA68CF50052E919 /* Project object */ = {
			isa = PBXProject;
			attributes = {
				BuildIndependentTargetsInParallel = 1;
				LastUpgradeCheck = 1620;
				TargetAttributes = {
					10D2792D2EA68CF50052E919 = {
						CreatedOnToolsVersion = 16.2;
						LastSwiftMigration = 1620;
					};
					10D279482EA68CF60052E919 = {
						CreatedOnToolsVersion = 16.2;
						TestTargetID = 10D2792D2EA68CF50052E919;
					};
					10D279522EA68CF60052E919 = {
						CreatedOnToolsVersion = 16.2;
						TestTargetID = 10D2792D2EA68CF50052E919;
					};
				};
			};
			buildConfigurationList = 10D279292EA68CF50052E919 /* Build configuration list for PBXProject "Bunnyx" */;
			developmentRegion = en;
			hasScannedForEncodings = 0;
			knownRegions = (
				en,
				Base,
				"zh-Hans",
			);
			mainGroup = 10D279252EA68CF50052E919;
			minimizedProjectReferenceProxies = 1;
			preferredProjectObjectVersion = 77;
			productRefGroup = 10D2792F2EA68CF50052E919 /* Products */;
			projectDirPath = "";
			projectRoot = "";
			targets = (
				10D2792D2EA68CF50052E919 /* Bunnyx */,
				10D279482EA68CF60052E919 /* BunnyxTests */,
				10D279522EA68CF60052E919 /* BunnyxUITests */,
			);
		};
/* End PBXProject section */

/* Begin PBXResourcesBuildPhase section */
		10D2792C2EA68CF50052E919 /* Resources */ = {
			isa = PBXResourcesBuildPhase;
			buildActionMask = 2147483647;
			files = (
			);
			runOnlyForDeploymentPostprocessing = 0;
		};
		10D279472EA68CF60052E919 /* Resources */ = {
			isa = PBXResourcesBuildPhase;
			buildActionMask = 2147483647;
			files = (
			);
			runOnlyForDeploymentPostprocessing = 0;
		};
		10D279512EA68CF60052E919 /* Resources */ = {
			isa = PBXResourcesBuildPhase;
			buildActionMask = 2147483647;
			files = (
			);
			runOnlyForDeploymentPostprocessing = 0;
		};
/* End PBXResourcesBuildPhase section */

/* Begin PBXShellScriptBuildPhase section */
		45AEAF32436E34E04DCFCFB6 /* [CP] Embed Pods Frameworks */ = {
			isa = PBXShellScriptBuildPhase;
			buildActionMask = 2147483647;
			files = (
			);
			inputFileListPaths = (
			);
			inputPaths = (
			);
			name = "[CP] Embed Pods Frameworks";
			outputFileListPaths = (
			);
			outputPaths = (
			);
			runOnlyForDeploymentPostprocessing = 0;
			shellPath = /bin/sh;
			shellScript = "\"${PODS_ROOT}/Target Support Files/Pods-Bunnyx/Pods-Bunnyx-frameworks.sh\"\n";
			showEnvVarsInLog = 0;
		};
		4A6F89693985E2700EFEEEA9 /* [CP] Check Pods Manifest.lock */ = {
			isa = PBXShellScriptBuildPhase;
			buildActionMask = 2147483647;
			files = (
			);
			inputFileListPaths = (
			);
			inputPaths = (
				"${PODS_PODFILE_DIR_PATH}/Podfile.lock",
				"${PODS_ROOT}/Manifest.lock",
			);
			name = "[CP] Check Pods Manifest.lock";
			outputFileListPaths = (
			);
			outputPaths = (
				"$(DERIVED_FILE_DIR)/Pods-BunnyxTests-checkManifestLockResult.txt",
			);
			runOnlyForDeploymentPostprocessing = 0;
			shellPath = /bin/sh;
			shellScript = "diff \"${PODS_PODFILE_DIR_PATH}/Podfile.lock\" \"${PODS_ROOT}/Manifest.lock\" > /dev/null\nif [ $? != 0 ] ; then\n    # print error to STDERR\n    echo \"error: The sandbox is not in sync with the Podfile.lock. Run 'pod install' or update your CocoaPods installation.\" >&2\n    exit 1\nfi\n# This output is used by Xcode 'outputs' to avoid re-running this script phase.\necho \"SUCCESS\" > \"${SCRIPT_OUTPUT_FILE_0}\"\n";
			showEnvVarsInLog = 0;
		};
		50DA4383F6D4CB2276FBB940 /* [CP] Copy Pods Resources */ = {
			isa = PBXShellScriptBuildPhase;
			buildActionMask = 2147483647;
			files = (
			);
			inputFileListPaths = (
			);
			inputPaths = (
			);
			name = "[CP] Copy Pods Resources";
			outputFileListPaths = (
			);
			outputPaths = (
			);
			runOnlyForDeploymentPostprocessing = 0;
			shellPath = /bin/sh;
			shellScript = "\"${PODS_ROOT}/Target Support Files/Pods-Bunnyx/Pods-Bunnyx-resources.sh\"\n";
			showEnvVarsInLog = 0;
		};
		63F9B23E1A04F952FFCF479D /* [CP] Check Pods Manifest.lock */ = {
			isa = PBXShellScriptBuildPhase;
			buildActionMask = 2147483647;
			files = (
			);
			inputFileListPaths = (
			);
			inputPaths = (
				"${PODS_PODFILE_DIR_PATH}/Podfile.lock",
				"${PODS_ROOT}/Manifest.lock",
			);
			name = "[CP] Check Pods Manifest.lock";
			outputFileListPaths = (
			);
			outputPaths = (
				"$(DERIVED_FILE_DIR)/Pods-BunnyxUITests-checkManifestLockResult.txt",
			);
			runOnlyForDeploymentPostprocessing = 0;
			shellPath = /bin/sh;
			shellScript = "diff \"${PODS_PODFILE_DIR_PATH}/Podfile.lock\" \"${PODS_ROOT}/Manifest.lock\" > /dev/null\nif [ $? != 0 ] ; then\n    # print error to STDERR\n    echo \"error: The sandbox is not in sync with the Podfile.lock. Run 'pod install' or update your CocoaPods installation.\" >&2\n    exit 1\nfi\n# This output is used by Xcode 'outputs' to avoid re-running this script phase.\necho \"SUCCESS\" > \"${SCRIPT_OUTPUT_FILE_0}\"\n";
			showEnvVarsInLog = 0;
		};
		9020D988B3426A8D3A5685C2 /* [CP] Check Pods Manifest.lock */ = {
			isa = PBXShellScriptBuildPhase;
			buildActionMask = 2147483647;
			files = (
			);
			inputFileListPaths = (
			);
			inputPaths = (
				"${PODS_PODFILE_DIR_PATH}/Podfile.lock",
				"${PODS_ROOT}/Manifest.lock",
			);
			name = "[CP] Check Pods Manifest.lock";
			outputFileListPaths = (
			);
			outputPaths = (
				"$(DERIVED_FILE_DIR)/Pods-Bunnyx-checkManifestLockResult.txt",
			);
			runOnlyForDeploymentPostprocessing = 0;
			shellPath = /bin/sh;
			shellScript = "diff \"${PODS_PODFILE_DIR_PATH}/Podfile.lock\" \"${PODS_ROOT}/Manifest.lock\" > /dev/null\nif [ $? != 0 ] ; then\n    # print error to STDERR\n    echo \"error: The sandbox is not in sync with the Podfile.lock. Run 'pod install' or update your CocoaPods installation.\" >&2\n    exit 1\nfi\n# This output is used by Xcode 'outputs' to avoid re-running this script phase.\necho \"SUCCESS\" > \"${SCRIPT_OUTPUT_FILE_0}\"\n";
			showEnvVarsInLog = 0;
		};
/* End PBXShellScriptBuildPhase section */

/* Begin PBXSourcesBuildPhase section */
		10D2792A2EA68CF50052E919 /* Sources */ = {
			isa = PBXSourcesBuildPhase;
			buildActionMask = 2147483647;
			files = (
			);
			runOnlyForDeploymentPostprocessing = 0;
		};
		10D279452EA68CF60052E919 /* Sources */ = {
			isa = PBXSourcesBuildPhase;
			buildActionMask = 2147483647;
			files = (
			);
			runOnlyForDeploymentPostprocessing = 0;
		};
		10D2794F2EA68CF60052E919 /* Sources */ = {
			isa = PBXSourcesBuildPhase;
			buildActionMask = 2147483647;
			files = (
			);
			runOnlyForDeploymentPostprocessing = 0;
		};
/* End PBXSourcesBuildPhase section */

/* Begin PBXTargetDependency section */
		10D2794B2EA68CF60052E919 /* PBXTargetDependency */ = {
			isa = PBXTargetDependency;
			target = 10D2792D2EA68CF50052E919 /* Bunnyx */;
			targetProxy = 10D2794A2EA68CF60052E919 /* PBXContainerItemProxy */;
		};
		10D279552EA68CF60052E919 /* PBXTargetDependency */ = {
			isa = PBXTargetDependency;
			target = 10D2792D2EA68CF50052E919 /* Bunnyx */;
			targetProxy = 10D279542EA68CF60052E919 /* PBXContainerItemProxy */;
		};
/* End PBXTargetDependency section */

/* Begin XCBuildConfiguration section */
		10D2795D2EA68CF60052E919 /* Debug */ = {
			isa = XCBuildConfiguration;
			baseConfigurationReference = 7D33267CDD1B3EF44FBB3D2C /* Pods-Bunnyx.debug.xcconfig */;
			buildSettings = {
				ASSETCATALOG_COMPILER_APPICON_NAME = AppIcon;
				ASSETCATALOG_COMPILER_GLOBAL_ACCENT_COLOR_NAME = AccentColor;
				CLANG_ENABLE_MODULES = YES;
				CODE_SIGN_ENTITLEMENTS = Bunnyx/Bunnyx.entitlements;
				CODE_SIGN_IDENTITY = "Apple Development";
				CODE_SIGN_STYLE = Automatic;
				CURRENT_PROJECT_VERSION = 15;
				DEVELOPMENT_TEAM = R36TLZ8A33;
				ENABLE_USER_SCRIPT_SANDBOXING = NO;
				GCC_PRECOMPILE_PREFIX_HEADER = YES;
				GCC_PREFIX_HEADER = "Bunnyx/Bunnyx-Prefix.pch";
				GENERATE_INFOPLIST_FILE = YES;
				INFOPLIST_FILE = Bunnyx/Info.plist;
				INFOPLIST_KEY_NSCameraUsageDescription = "需要访问相机以拍摄照片用于生成素材";
				INFOPLIST_KEY_NSPhotoLibraryAddUsageDescription = "需要保存生成的图片和视频到您的照片库";
				INFOPLIST_KEY_NSPhotoLibraryUsageDescription = "需要访问您的照片库以选择图片用于生成素材";
				INFOPLIST_KEY_UIApplicationSupportsIndirectInputEvents = YES;
				INFOPLIST_KEY_UILaunchStoryboardName = LaunchScreen;
				INFOPLIST_KEY_UIMainStoryboardFile = Main;
				INFOPLIST_KEY_UISupportedInterfaceOrientations = UIInterfaceOrientationPortrait;
				IPHONEOS_DEPLOYMENT_TARGET = 15.6;
				LD_RUNPATH_SEARCH_PATHS = (
					"$(inherited)",
					"@executable_path/Frameworks",
				);
				MARKETING_VERSION = 1.0.1;
				PRODUCT_BUNDLE_IDENTIFIER = com.bunnyx.ai;
				PRODUCT_NAME = "$(TARGET_NAME)";
				PROVISIONING_PROFILE_SPECIFIER = "";
				SUPPORTED_PLATFORMS = "iphoneos iphonesimulator";
				SUPPORTS_MACCATALYST = NO;
				SUPPORTS_MAC_DESIGNED_FOR_IPHONE_IPAD = NO;
				SUPPORTS_XR_DESIGNED_FOR_IPHONE_IPAD = NO;
				SWIFT_EMIT_LOC_STRINGS = YES;
				SWIFT_OPTIMIZATION_LEVEL = "-Onone";
				SWIFT_VERSION = 6.0;
				TARGETED_DEVICE_FAMILY = 1;
			};
			name = Debug;
		};
		10D2795E2EA68CF60052E919 /* Release */ = {
			isa = XCBuildConfiguration;
			baseConfigurationReference = F5FD99737A5B4DE4EF6AD8EA /* Pods-Bunnyx.release.xcconfig */;
			buildSettings = {
				ASSETCATALOG_COMPILER_APPICON_NAME = AppIcon;
				ASSETCATALOG_COMPILER_GLOBAL_ACCENT_COLOR_NAME = AccentColor;
				CLANG_ENABLE_MODULES = YES;
				CODE_SIGN_ENTITLEMENTS = Bunnyx/Bunnyx.entitlements;
				CODE_SIGN_IDENTITY = "Apple Development";
				CODE_SIGN_STYLE = Automatic;
				CURRENT_PROJECT_VERSION = 15;
				DEVELOPMENT_TEAM = R36TLZ8A33;
				ENABLE_USER_SCRIPT_SANDBOXING = NO;
				GCC_PRECOMPILE_PREFIX_HEADER = YES;
				GCC_PREFIX_HEADER = "Bunnyx/Bunnyx-Prefix.pch";
				GENERATE_INFOPLIST_FILE = YES;
				INFOPLIST_FILE = Bunnyx/Info.plist;
				INFOPLIST_KEY_NSCameraUsageDescription = "需要访问相机以拍摄照片用于生成素材";
				INFOPLIST_KEY_NSPhotoLibraryAddUsageDescription = "需要保存生成的图片和视频到您的照片库";
				INFOPLIST_KEY_NSPhotoLibraryUsageDescription = "需要访问您的照片库以选择图片用于生成素材";
				INFOPLIST_KEY_UIApplicationSupportsIndirectInputEvents = YES;
				INFOPLIST_KEY_UILaunchStoryboardName = LaunchScreen;
				INFOPLIST_KEY_UIMainStoryboardFile = Main;
				INFOPLIST_KEY_UISupportedInterfaceOrientations = UIInterfaceOrientationPortrait;
				IPHONEOS_DEPLOYMENT_TARGET = 15.6;
				LD_RUNPATH_SEARCH_PATHS = (
					"$(inherited)",
					"@executable_path/Frameworks",
				);
				MARKETING_VERSION = 1.0.1;
				PRODUCT_BUNDLE_IDENTIFIER = com.bunnyx.ai;
				PRODUCT_NAME = "$(TARGET_NAME)";
				PROVISIONING_PROFILE_SPECIFIER = "";
				SUPPORTED_PLATFORMS = "iphoneos iphonesimulator";
				SUPPORTS_MACCATALYST = NO;
				SUPPORTS_MAC_DESIGNED_FOR_IPHONE_IPAD = NO;
				SUPPORTS_XR_DESIGNED_FOR_IPHONE_IPAD = NO;
				SWIFT_EMIT_LOC_STRINGS = YES;
				SWIFT_VERSION = 6.0;
				TARGETED_DEVICE_FAMILY = 1;
			};
			name = Release;
		};
		10D2795F2EA68CF60052E919 /* Debug */ = {
			isa = XCBuildConfiguration;
			buildSettings = {
				ALWAYS_SEARCH_USER_PATHS = NO;
				ASSETCATALOG_COMPILER_GENERATE_SWIFT_ASSET_SYMBOL_EXTENSIONS = YES;
				CLANG_ANALYZER_NONNULL = YES;
				CLANG_ANALYZER_NUMBER_OBJECT_CONVERSION = YES_AGGRESSIVE;
				CLANG_CXX_LANGUAGE_STANDARD = "gnu++20";
				CLANG_ENABLE_MODULES = YES;
				CLANG_ENABLE_OBJC_ARC = YES;
				CLANG_ENABLE_OBJC_WEAK = YES;
				CLANG_WARN_BLOCK_CAPTURE_AUTORELEASING = YES;
				CLANG_WARN_BOOL_CONVERSION = YES;
				CLANG_WARN_COMMA = YES;
				CLANG_WARN_CONSTANT_CONVERSION = YES;
				CLANG_WARN_DEPRECATED_OBJC_IMPLEMENTATIONS = YES;
				CLANG_WARN_DIRECT_OBJC_ISA_USAGE = YES_ERROR;
				CLANG_WARN_DOCUMENTATION_COMMENTS = YES;
				CLANG_WARN_EMPTY_BODY = YES;
				CLANG_WARN_ENUM_CONVERSION = YES;
				CLANG_WARN_INFINITE_RECURSION = YES;
				CLANG_WARN_INT_CONVERSION = YES;
				CLANG_WARN_NON_LITERAL_NULL_CONVERSION = YES;
				CLANG_WARN_OBJC_IMPLICIT_RETAIN_SELF = YES;
				CLANG_WARN_OBJC_LITERAL_CONVERSION = YES;
				CLANG_WARN_OBJC_ROOT_CLASS = YES_ERROR;
				CLANG_WARN_QUOTED_INCLUDE_IN_FRAMEWORK_HEADER = YES;
				CLANG_WARN_RANGE_LOOP_ANALYSIS = YES;
				CLANG_WARN_STRICT_PROTOTYPES = YES;
				CLANG_WARN_SUSPICIOUS_MOVE = YES;
				CLANG_WARN_UNGUARDED_AVAILABILITY = YES_AGGRESSIVE;
				CLANG_WARN_UNREACHABLE_CODE = YES;
				CLANG_WARN__DUPLICATE_METHOD_MATCH = YES;
				COPY_PHASE_STRIP = NO;
				DEBUG_INFORMATION_FORMAT = dwarf;
				ENABLE_STRICT_OBJC_MSGSEND = YES;
				ENABLE_TESTABILITY = YES;
				ENABLE_USER_SCRIPT_SANDBOXING = YES;
				GCC_C_LANGUAGE_STANDARD = gnu17;
				GCC_DYNAMIC_NO_PIC = NO;
				GCC_NO_COMMON_BLOCKS = YES;
				GCC_OPTIMIZATION_LEVEL = 0;
				GCC_PRECOMPILE_PREFIX_HEADER = YES;
				GCC_PREFIX_HEADER = "Bunnyx/Bunnyx-Prefix.pch";
				GCC_PREPROCESSOR_DEFINITIONS = (
					"DEBUG=1",
					"$(inherited)",
				);
				GCC_WARN_64_TO_32_BIT_CONVERSION = YES;
				GCC_WARN_ABOUT_RETURN_TYPE = YES_ERROR;
				GCC_WARN_UNDECLARED_SELECTOR = YES;
				GCC_WARN_UNINITIALIZED_AUTOS = YES_AGGRESSIVE;
				GCC_WARN_UNUSED_FUNCTION = YES;
				GCC_WARN_UNUSED_VARIABLE = YES;
				IPHONEOS_DEPLOYMENT_TARGET = 18.2;
				LOCALIZATION_PREFERS_STRING_CATALOGS = YES;
				MTL_ENABLE_DEBUG_INFO = INCLUDE_SOURCE;
				MTL_FAST_MATH = YES;
				ONLY_ACTIVE_ARCH = YES;
				SDKROOT = iphoneos;
			};
			name = Debug;
		};
		10D279602EA68CF60052E919 /* Release */ = {
			isa = XCBuildConfiguration;
			buildSettings = {
				ALWAYS_SEARCH_USER_PATHS = NO;
				ASSETCATALOG_COMPILER_GENERATE_SWIFT_ASSET_SYMBOL_EXTENSIONS = YES;
				CLANG_ANALYZER_NONNULL = YES;
				CLANG_ANALYZER_NUMBER_OBJECT_CONVERSION = YES_AGGRESSIVE;
				CLANG_CXX_LANGUAGE_STANDARD = "gnu++20";
				CLANG_ENABLE_MODULES = YES;
				CLANG_ENABLE_OBJC_ARC = YES;
				CLANG_ENABLE_OBJC_WEAK = YES;
				CLANG_WARN_BLOCK_CAPTURE_AUTORELEASING = YES;
				CLANG_WARN_BOOL_CONVERSION = YES;
				CLANG_WARN_COMMA = YES;
				CLANG_WARN_CONSTANT_CONVERSION = YES;
				CLANG_WARN_DEPRECATED_OBJC_IMPLEMENTATIONS = YES;
				CLANG_WARN_DIRECT_OBJC_ISA_USAGE = YES_ERROR;
				CLANG_WARN_DOCUMENTATION_COMMENTS = YES;
				CLANG_WARN_EMPTY_BODY = YES;
				CLANG_WARN_ENUM_CONVERSION = YES;
				CLANG_WARN_INFINITE_RECURSION = YES;
				CLANG_WARN_INT_CONVERSION = YES;
				CLANG_WARN_NON_LITERAL_NULL_CONVERSION = YES;
				CLANG_WARN_OBJC_IMPLICIT_RETAIN_SELF = YES;
				CLANG_WARN_OBJC_LITERAL_CONVERSION = YES;
				CLANG_WARN_OBJC_ROOT_CLASS = YES_ERROR;
				CLANG_WARN_QUOTED_INCLUDE_IN_FRAMEWORK_HEADER = YES;
				CLANG_WARN_RANGE_LOOP_ANALYSIS = YES;
				CLANG_WARN_STRICT_PROTOTYPES = YES;
				CLANG_WARN_SUSPICIOUS_MOVE = YES;
				CLANG_WARN_UNGUARDED_AVAILABILITY = YES_AGGRESSIVE;
				CLANG_WARN_UNREACHABLE_CODE = YES;
				CLANG_WARN__DUPLICATE_METHOD_MATCH = YES;
				COPY_PHASE_STRIP = NO;
				DEBUG_INFORMATION_FORMAT = "dwarf-with-dsym";
				ENABLE_NS_ASSERTIONS = NO;
				ENABLE_STRICT_OBJC_MSGSEND = YES;
				ENABLE_USER_SCRIPT_SANDBOXING = YES;
				GCC_C_LANGUAGE_STANDARD = gnu17;
				GCC_NO_COMMON_BLOCKS = YES;
				GCC_PRECOMPILE_PREFIX_HEADER = YES;
				GCC_PREFIX_HEADER = "Bunnyx/Bunnyx-Prefix.pch";
				GCC_WARN_64_TO_32_BIT_CONVERSION = YES;
				GCC_WARN_ABOUT_RETURN_TYPE = YES_ERROR;
				GCC_WARN_UNDECLARED_SELECTOR = YES;
				GCC_WARN_UNINITIALIZED_AUTOS = YES_AGGRESSIVE;
				GCC_WARN_UNUSED_FUNCTION = YES;
				GCC_WARN_UNUSED_VARIABLE = YES;
				IPHONEOS_DEPLOYMENT_TARGET = 18.2;
				LOCALIZATION_PREFERS_STRING_CATALOGS = YES;
				MTL_ENABLE_DEBUG_INFO = NO;
				MTL_FAST_MATH = YES;
				SDKROOT = iphoneos;
				VALIDATE_PRODUCT = YES;
			};
			name = Release;
		};
		10D279622EA68CF60052E919 /* Debug */ = {
			isa = XCBuildConfiguration;
			baseConfigurationReference = 55A927E9EA60D6D9C663B914 /* Pods-BunnyxTests.debug.xcconfig */;
			buildSettings = {
				BUNDLE_LOADER = "$(TEST_HOST)";
				CODE_SIGN_STYLE = Automatic;
				CURRENT_PROJECT_VERSION = 1;
				ENABLE_USER_SCRIPT_SANDBOXING = NO;
				GCC_PRECOMPILE_PREFIX_HEADER = YES;
				GCC_PREFIX_HEADER = "Bunnyx/Bunnyx-Prefix.pch";
				GENERATE_INFOPLIST_FILE = YES;
				IPHONEOS_DEPLOYMENT_TARGET = 18.2;
				MARKETING_VERSION = 1.0;
				PRODUCT_BUNDLE_IDENTIFIER = com.yunxu.BunnyxTests;
				PRODUCT_NAME = "$(TARGET_NAME)";
				SWIFT_EMIT_LOC_STRINGS = NO;
				TARGETED_DEVICE_FAMILY = "1,2";
				TEST_HOST = "$(BUILT_PRODUCTS_DIR)/Bunnyx.app/$(BUNDLE_EXECUTABLE_FOLDER_PATH)/Bunnyx";
			};
			name = Debug;
		};
		10D279632EA68CF60052E919 /* Release */ = {
			isa = XCBuildConfiguration;
			baseConfigurationReference = B4DB9CDF388AA533879997E8 /* Pods-BunnyxTests.release.xcconfig */;
			buildSettings = {
				BUNDLE_LOADER = "$(TEST_HOST)";
				CODE_SIGN_STYLE = Automatic;
				CURRENT_PROJECT_VERSION = 1;
				ENABLE_USER_SCRIPT_SANDBOXING = NO;
				GCC_PRECOMPILE_PREFIX_HEADER = YES;
				GCC_PREFIX_HEADER = "Bunnyx/Bunnyx-Prefix.pch";
				GENERATE_INFOPLIST_FILE = YES;
				IPHONEOS_DEPLOYMENT_TARGET = 18.2;
				MARKETING_VERSION = 1.0;
				PRODUCT_BUNDLE_IDENTIFIER = com.yunxu.BunnyxTests;
				PRODUCT_NAME = "$(TARGET_NAME)";
				SWIFT_EMIT_LOC_STRINGS = NO;
				TARGETED_DEVICE_FAMILY = "1,2";
				TEST_HOST = "$(BUILT_PRODUCTS_DIR)/Bunnyx.app/$(BUNDLE_EXECUTABLE_FOLDER_PATH)/Bunnyx";
			};
			name = Release;
		};
		10D279652EA68CF60052E919 /* Debug */ = {
			isa = XCBuildConfiguration;
			baseConfigurationReference = 51CE1CED5DF12DBB9AD0E1CA /* Pods-BunnyxUITests.debug.xcconfig */;
			buildSettings = {
				CODE_SIGN_STYLE = Automatic;
				CURRENT_PROJECT_VERSION = 1;
				ENABLE_USER_SCRIPT_SANDBOXING = NO;
				GCC_PRECOMPILE_PREFIX_HEADER = YES;
				GCC_PREFIX_HEADER = "Bunnyx/Bunnyx-Prefix.pch";
				GENERATE_INFOPLIST_FILE = YES;
				MARKETING_VERSION = 1.0;
				PRODUCT_BUNDLE_IDENTIFIER = com.yunxu.BunnyxUITests;
				PRODUCT_NAME = "$(TARGET_NAME)";
				SWIFT_EMIT_LOC_STRINGS = NO;
				TARGETED_DEVICE_FAMILY = "1,2";
				TEST_TARGET_NAME = Bunnyx;
			};
			name = Debug;
		};
		10D279662EA68CF60052E919 /* Release */ = {
			isa = XCBuildConfiguration;
			baseConfigurationReference = 0F686BF6995A7E1D69B20441 /* Pods-BunnyxUITests.release.xcconfig */;
			buildSettings = {
				CODE_SIGN_STYLE = Automatic;
				CURRENT_PROJECT_VERSION = 1;
				ENABLE_USER_SCRIPT_SANDBOXING = NO;
				GCC_PRECOMPILE_PREFIX_HEADER = YES;
				GCC_PREFIX_HEADER = "Bunnyx/Bunnyx-Prefix.pch";
				GENERATE_INFOPLIST_FILE = YES;
				MARKETING_VERSION = 1.0;
				PRODUCT_BUNDLE_IDENTIFIER = com.yunxu.BunnyxUITests;
				PRODUCT_NAME = "$(TARGET_NAME)";
				SWIFT_EMIT_LOC_STRINGS = NO;
				TARGETED_DEVICE_FAMILY = "1,2";
				TEST_TARGET_NAME = Bunnyx;
			};
			name = Release;
		};
/* End XCBuildConfiguration section */

/* Begin XCConfigurationList section */
		10D279292EA68CF50052E919 /* Build configuration list for PBXProject "Bunnyx" */ = {
			isa = XCConfigurationList;
			buildConfigurations = (
				10D2795F2EA68CF60052E919 /* Debug */,
				10D279602EA68CF60052E919 /* Release */,
			);
			defaultConfigurationIsVisible = 0;
			defaultConfigurationName = Release;
		};
		10D2795C2EA68CF60052E919 /* Build configuration list for PBXNativeTarget "Bunnyx" */ = {
			isa = XCConfigurationList;
			buildConfigurations = (
				10D2795D2EA68CF60052E919 /* Debug */,
				10D2795E2EA68CF60052E919 /* Release */,
			);
			defaultConfigurationIsVisible = 0;
			defaultConfigurationName = Release;
		};
		10D279612EA68CF60052E919 /* Build configuration list for PBXNativeTarget "BunnyxTests" */ = {
			isa = XCConfigurationList;
			buildConfigurations = (
				10D279622EA68CF60052E919 /* Debug */,
				10D279632EA68CF60052E919 /* Release */,
			);
			defaultConfigurationIsVisible = 0;
			defaultConfigurationName = Release;
		};
		10D279642EA68CF60052E919 /* Build configuration list for PBXNativeTarget "BunnyxUITests" */ = {
			isa = XCConfigurationList;
			buildConfigurations = (
				10D279652EA68CF60052E919 /* Debug */,
				10D279662EA68CF60052E919 /* Release */,
			);
			defaultConfigurationIsVisible = 0;
			defaultConfigurationName = Release;
		};
/* End XCConfigurationList section */
	};
	rootObject = 10D279262EA68CF50052E919 /* Project object */;
}
